
Microsoft Visual Studio Solution File, Format Version 12.00
# Visual Studio Version 17
VisualStudioVersion = 17.2.32526.322
MinimumVisualStudioVersion = 10.0.40219.1
Project("{FAE04EC0-301F-11D3-BF4B-00C04F79EFBC}") = "TUIO_test", "TUIO_test\TUIO_test.csproj", "{6F43B0A7-BC35-4FD5-B0A1-713A4975FB95}"
EndProject
Global
	GlobalSection(SolutionConfigurationPlatforms) = preSolution
		Debug|Any CPU = Debug|Any CPU
		Release|Any CPU = Release|Any CPU
	EndGlobalSection
	GlobalSection(ProjectConfigurationPlatforms) = postSolution
		{6F43B0A7-BC35-4FD5-B0A1-713A4975FB95}.Debug|Any CPU.ActiveCfg = Debug|Any CPU
		{6F43B0A7-BC35-4FD5-B0A1-713A4975FB95}.Debug|Any CPU.Build.0 = Debug|Any CPU
		{6F43B0A7-BC35-4FD5-B0A1-713A4975FB95}.Release|Any CPU.ActiveCfg = Release|Any CPU
		{6F43B0A7-BC35-4FD5-B0A1-713A4975FB95}.Release|Any CPU.Build.0 = Release|Any CPU
	EndGlobalSection
	GlobalSection(SolutionProperties) = preSolution
		HideSolutionNode = FALSE
	EndGlobalSection
	GlobalSection(ExtensibilityGlobals) = postSolution
		SolutionGuid = {252EB117-9E82-4ECA-8CD1-5ED43F34C41B}
	EndGlobalSection
EndGlobal
